# This file is automatically @generated by Poetry 2.1.0 and should not be changed by hand.

[[package]]
name = "acme-crypto"
version = "41.0.0"
description = ""
optional = false
python-versions = ">=3.8"
groups = ["main"]
files = []

[[package]]
name = "acme-lint"
version = "1.0.0"
description = ""
optional = false
python-versions = ">=3.8"
groups = ["dev"]
files = []

[package.dependencies]
acme-markup = ">=2.0"

[[package]]
name = "acme-markup"
version = "2.1.5"
description = ""
optional = false
python-versions = ">=3.8"
groups = ["main", "dev"]
files = []

[[package]]
name = "acme-templates"
version = "3.1.0"
description = ""
optional = false
python-versions = ">=3.8"
groups = ["main"]
files = []

[package.dependencies]
acme-markup = ">=2.0"

[[package]]
name = "acme-web"
version = "2.0.1"
description = ""
optional = false
python-versions = ">=3.8"
groups = ["main"]
files = []

[package.dependencies]
acme-templates = ">=3.0"

[[package]]
name = "acme-vendored"
version = "0.0.1"
description = ""
optional = false
python-versions = "*"
groups = ["main"]
files = []

[package.source]
type = "directory"
url = "../vendored"

[metadata]
lock-version = "2.1"
python-versions = "^3.11"
content-hash = "0000000000000000000000000000000000000000000000000000000000000000"
