{
  "name": "demo-shop",
  "version": "1.0.0",
  "lockfileVersion": 3,
  "requires": true,
  "packages": {
    "": {
      "name": "demo-shop",
      "version": "1.0.0",
      "dependencies": {
        "acme-fork": "github:acme/fork",
        "acme-router": "^4.1.0",
        "left-pad-plus": "1.0.0"
      },
      "devDependencies": {
        "acme-test": "^2.0.0"
      }
    },
    "node_modules/@acme/logger": {
      "version": "1.4.0",
      "resolved": "https://registry.npmjs.org/@acme/logger/-/logger-1.4.0.tgz"
    },
    "node_modules/acme-cookie": {
      "version": "0.5.0",
      "resolved": "https://registry.npmjs.org/acme-cookie/-/acme-cookie-0.5.0.tgz"
    },
    "node_modules/acme-fork": {
      "version": "1.0.0",
      "resolved": "git+ssh://git@github.com/acme/fork.git#0123456789abcdef0123456789abcdef01234567"
    },
    "node_modules/acme-qs": {
      "version": "6.2.0",
      "resolved": "https://registry.npmjs.org/acme-qs/-/acme-qs-6.2.0.tgz"
    },
    "node_modules/acme-router": {
      "version": "4.1.2",
      "resolved": "https://registry.npmjs.org/acme-router/-/acme-router-4.1.2.tgz",
      "dependencies": {
        "@acme/logger": "^1.0.0",
        "acme-cookie": "0.5.0",
        "acme-qs": "^6.0.0"
      }
    },
    "node_modules/acme-test": {
      "version": "2.3.0",
      "resolved": "https://registry.npmjs.org/acme-test/-/acme-test-2.3.0.tgz",
      "dev": true,
      "dependencies": {
        "acme-qs": "^5.0.0"
      }
    },
    "node_modules/acme-test/node_modules/acme-qs": {
      "version": "5.1.0",
      "resolved": "https://registry.npmjs.org/acme-qs/-/acme-qs-5.1.0.tgz",
      "dev": true
    },
    "node_modules/left-pad-plus": {
      "version": "1.0.0",
      "resolved": "https://registry.npmjs.org/left-pad-plus/-/left-pad-plus-1.0.0.tgz"
    }
  }
}
